// !$*UTF8*$!
{
	archiveVersion = 1;
	classes = {
	};
	objectVersion = 52;
	objects = {

/* Begin PBXBuildFile section */
		2FB4CFD827C9F57700CD0E12 /* AppDelegate.swift in Sources */ = {isa = PBXBuildFile; fileRef = 2FB4CFD727C9F57700CD0E12 /* AppDelegate.swift */; };
		2FB4CFDA27C9F57700CD0E12 /* SceneDelegate.swift in Sources */ = {isa = PBXBuildFile; fileRef = 2FB4CFD927C9F57700CD0E12 /* SceneDelegate.swift */; };
		2FB4CFDC27C9F57700CD0E12 /* ViewController.swift in Sources */ = {isa = PBXBuildFile; fileRef = 2FB4CFDB27C9F57700CD0E12 /* ViewController.swift */; };
		2FB4CFDF27C9F57700CD0E12 /* Main.storyboard in Resources */ = {isa = PBXBuildFile; fileRef = 2FB4CFDD27C9F57700CD0E12 /* Main.storyboard */; };
		2FB4CFE127C9F57A00CD0E12 /* Assets.xcassets in Resources */ = {isa = PBXBuildFile; fileRef = 2FB4CFE027C9F57A00CD0E12 /* Assets.xcassets */; };
		2FB4CFE427C9F57A00CD0E12 /* LaunchScreen.storyboard in Resources */ = {isa = PBXBuildFile; fileRef = 2FB4CFE227C9F57A00CD0E12 /* LaunchScreen.storyboard */; };
		2FB4CFEF27C9F57A00CD0E12 /* FlixTests.swift in Sources */ = {isa = PBXBuildFile; fileRef = 2FB4CFEE27C9F57A00CD0E12 /* FlixTests.swift */; };
		2FB4CFFA27C9F57A00CD0E12 /* FlixUITests.swift in Sources */ = {isa = PBXBuildFile; fileRef = 2FB4CFF927C9F57A00CD0E12 /* FlixUITests.swift */; };
		2FB4D00B27C9FA2F00CD0E12 /* MovieCell.swift in Sources */ = {isa = PBXBuildFile; fileRef = 2FB4D00A27C9FA2F00CD0E12 /* MovieCell.swift */; };
		2FB4D01127C9FCDC00CD0E12 /* AlamofireImage in Frameworks */ = {isa = PBXBuildFile; productRef = 2FB4D01027C9FCDC00CD0E12 /* AlamofireImage */; };
		3A4D568B39FBD49971968283 /* Pods_FlixTests.framework in Frameworks */ = {isa = PBXBuildFile; fileRef = 933A76BC9ABEDEE6B64759EA /* Pods_FlixTests.framework */; };
		90515123CA03D02E8969E265 /* Pods_Flix.framework in Frameworks */ = {isa = PBXBuildFile; fileRef = F47591B00FE191B98988C3CE /* Pods_Flix.framework */; };
		E2610E0D763C9B68A957763D /* Pods_Flix_FlixUITests.framework in Frameworks */ = {isa = PBXBuildFile; fileRef = EB0C10F9F45E5F67EA962690 /* Pods_Flix_FlixUITests.framework */; };
/* End PBXBuildFile section */

/* Begin PBXContainerItemProxy section */
		2FB4CFEB27C9F57A00CD0E12 /* PBXContainerItemProxy */ = {
			isa = PBXContainerItemProxy;
			containerPortal = 2FB4CFCC27C9F57700CD0E12 /* Project object */;
			proxyType = 1;
			remoteGlobalIDString = 2FB4CFD327C9F57700CD0E12;
			remoteInfo = Flix;
		};
		2FB4CFF627C9F57A00CD0E12 /* PBXContainerItemProxy */ = {
			isa = PBXContainerItemProxy;
			containerPortal = 2FB4CFCC27C9F57700CD0E12 /* Project object */;
			proxyType = 1;
			remoteGlobalIDString = 2FB4CFD327C9F57700CD0E12;
			remoteInfo = Flix;
		};
/* End PBXContainerItemProxy section */

/* Begin PBXFileReference section */
		2007EA6D763E6376D9CB77A2 /* Pods-FlixTests.debug.xcconfig */ = {isa = PBXFileReference; includeInIndex = 1; lastKnownFileType = text.xcconfig; name = "Pods-FlixTests.debug.xcconfig"; path = "Target Support Files/Pods-FlixTests/Pods-FlixTests.debug.xcconfig"; sourceTree = "<group>"; };
		2FB4CFD427C9F57700CD0E12 /* Flix.app */ = {isa = PBXFileReference; explicitFileType = wrapper.application; includeInIndex = 0; path = Flix.app; sourceTree = BUILT_PRODUCTS_DIR; };
		2FB4CFD727C9F57700CD0E12 /* AppDelegate.swift */ = {isa = PBXFileReference; lastKnownFileType = sourcecode.swift; path = AppDelegate.swift; sourceTree = "<group>"; };
		2FB4CFD927C9F57700CD0E12 /* SceneDelegate.swift */ = {isa = PBXFileReference; lastKnownFileType = sourcecode.swift; path = SceneDelegate.swift; sourceTree = "<group>"; };
		2FB4CFDB27C9F57700CD0E12 /* ViewController.swift */ = {isa = PBXFileReference; lastKnownFileType = sourcecode.swift; path = ViewController.swift; sourceTree = "<group>"; };
		2FB4CFDE27C9F57700CD0E12 /* Base */ = {isa = PBXFileReference; lastKnownFileType = file.storyboard; name = Base; path = Base.lproj/Main.storyboard; sourceTree = "<group>"; };
		2FB4CFE027C9F57A00CD0E12 /* Assets.xcassets */ = {isa = PBXFileReference; lastKnownFileType = folder.assetcatalog; path = Assets.xcassets; sourceTree = "<group>"; };
		2FB4CFE327C9F57A00CD0E12 /* Base */ = {isa = PBXFileReference; lastKnownFileType = file.storyboard; name = Base; path = Base.lproj/LaunchScreen.storyboard; sourceTree = "<group>"; };
		2FB4CFE527C9F57A00CD0E12 /* Info.plist */ = {isa = PBXFileReference; lastKnownFileType = text.plist.xml; path = Info.plist; sourceTree = "<group>"; };
		2FB4CFEA27C9F57A00CD0E12 /* FlixTests.xctest */ = {isa = PBXFileReference; explicitFileType = wrapper.cfbundle; includeInIndex = 0; path = FlixTests.xctest; sourceTree = BUILT_PRODUCTS_DIR; };
		2FB4CFEE27C9F57A00CD0E12 /* FlixTests.swift */ = {isa = PBXFileReference; lastKnownFileType = sourcecode.swift; path = FlixTests.swift; sourceTree = "<group>"; };
		2FB4CFF027C9F57A00CD0E12 /* Info.plist */ = {isa = PBXFileReference; lastKnownFileType = text.plist.xml; path = Info.plist; sourceTree = "<group>"; };
		2FB4CFF527C9F57A00CD0E12 /* FlixUITests.xctest */ = {isa = PBXFileReference; explicitFileType = wrapper.cfbundle; includeInIndex = 0; path = FlixUITests.xctest; sourceTree = BUILT_PRODUCTS_DIR; };
		2FB4CFF927C9F57A00CD0E12 /* FlixUITests.swift */ = {isa = PBXFileReference; lastKnownFileType = sourcecode.swift; path = FlixUITests.swift; sourceTree = "<group>"; };
		2FB4CFFB27C9F57A00CD0E12 /* Info.plist */ = {isa = PBXFileReference; lastKnownFileType = text.plist.xml; path = Info.plist; sourceTree = "<group>"; };
		2FB4D00A27C9FA2F00CD0E12 /* MovieCell.swift */ = {isa = PBXFileReference; lastKnownFileType = sourcecode.swift; path = MovieCell.swift; sourceTree = "<group>"; };
		3496E6B69EEE754A9DA14890 /* Pods-Flix.release.xcconfig */ = {isa = PBXFileReference; includeInIndex = 1; lastKnownFileType = text.xcconfig; name = "Pods-Flix.release.xcconfig"; path = "Target Support Files/Pods-Flix/Pods-Flix.release.xcconfig"; sourceTree = "<group>"; };
		5654612F2EADBA037125FD67 /* Pods-Flix.debug.xcconfig */ = {isa = PBXFileReference; includeInIndex = 1; lastKnownFileType = text.xcconfig; name = "Pods-Flix.debug.xcconfig"; path = "Target Support Files/Pods-Flix/Pods-Flix.debug.xcconfig"; sourceTree = "<group>"; };
		933A76BC9ABEDEE6B64759EA /* Pods_FlixTests.framework */ = {isa = PBXFileReference; explicitFileType = wrapper.framework; includeInIndex = 0; path = Pods_FlixTests.framework; sourceTree = BUILT_PRODUCTS_DIR; };
		DDB53FB7794D2B94A458DAB4 /* Pods-FlixTests.release.xcconfig */ = {isa = PBXFileReference; includeInIndex = 1; lastKnownFileType = text.xcconfig; name = "Pods-FlixTests.release.xcconfig"; path = "Target Support Files/Pods-FlixTests/Pods-FlixTests.release.xcconfig"; sourceTree = "<group>"; };
		EB0C10F9F45E5F67EA962690 /* Pods_Flix_FlixUITests.framework */ = {isa = PBXFileReference; explicitFileType = wrapper.framework; includeInIndex = 0; path = Pods_Flix_FlixUITests.framework; sourceTree = BUILT_PRODUCTS_DIR; };
		F15048059511FB9FD6034EA0 /* Pods-Flix-FlixUITests.release.xcconfig */ = {isa = PBXFileReference; includeInIndex = 1; lastKnownFileType = text.xcconfig; name = "Pods-Flix-FlixUITests.release.xcconfig"; path = "Target Support Files/Pods-Flix-FlixUITests/Pods-Flix-FlixUITests.release.xcconfig"; sourceTree = "<group>"; };
		F47591B00FE191B98988C3CE /* Pods_Flix.framework */ = {isa = PBXFileReference; explicitFileType = wrapper.framework; includeInIndex = 0; path = Pods_Flix.framework; sourceTree = BUILT_PRODUCTS_DIR; };
		F636AB9363B801F2323D33F3 /* Pods-Flix-FlixUITests.debug.xcconfig */ = {isa = PBXFileReference; includeInIndex = 1; lastKnownFileType = text.xcconfig; name = "Pods-Flix-FlixUITests.debug.xcconfig"; path = "Target Support Files/Pods-Flix-FlixUITests/Pods-Flix-FlixUITests.debug.xcconfig"; sourceTree = "<group>"; };
/* End PBXFileReference section */

/* Begin PBXFrameworksBuildPhase section */
		2FB4CFD127C9F57700CD0E12 /* Frameworks */ = {
			isa = PBXFrameworksBuildPhase;
			buildActionMask = 2147483647;
			files = (
				2FB4D01127C9FCDC00CD0E12 /* AlamofireImage in Frameworks */,
				90515123CA03D02E8969E265 /* Pods_Flix.framework in Frameworks */,
			);
			runOnlyForDeploymentPostprocessing = 0;
		};
		2FB4CFE727C9F57A00CD0E12 /* Frameworks */ = {
			isa = PBXFrameworksBuildPhase;
			buildActionMask = 2147483647;
			files = (
				3A4D568B39FBD49971968283 /* Pods_FlixTests.framework in Frameworks */,
			);
			runOnlyForDeploymentPostprocessing = 0;
		};
		2FB4CFF227C9F57A00CD0E12 /* Frameworks */ = {
			isa = PBXFrameworksBuildPhase;
			buildActionMask = 2147483647;
			files = (
				E2610E0D763C9B68A957763D /* Pods_Flix_FlixUITests.framework in Frameworks */,
			);
			runOnlyForDeploymentPostprocessing = 0;
		};
/* End PBXFrameworksBuildPhase section */

/* Begin PBXGroup section */
		2FB4CFCB27C9F57700CD0E12 = {
			isa = PBXGroup;
			children = (
				2FB4CFD627C9F57700CD0E12 /* Flix */,
				2FB4CFED27C9F57A00CD0E12 /* FlixTests */,
				2FB4CFF827C9F57A00CD0E12 /* FlixUITests */,
				2FB4CFD527C9F57700CD0E12 /* Products */,
				BC872724C831C1B461CA915F /* Pods */,
				B98F07CC1A43A29E51FF9B68 /* Frameworks */,
			);
			sourceTree = "<group>";
		};
		2FB4CFD527C9F57700CD0E12 /* Products */ = {
			isa = PBXGroup;
			children = (
				2FB4CFD427C9F57700CD0E12 /* Flix.app */,
				2FB4CFEA27C9F57A00CD0E12 /* FlixTests.xctest */,
				2FB4CFF527C9F57A00CD0E12 /* FlixUITests.xctest */,
			);
			name = Products;
			sourceTree = "<group>";
		};
		2FB4CFD627C9F57700CD0E12 /* Flix */ = {
			isa = PBXGroup;
			children = (
				2FB4CFD727C9F57700CD0E12 /* AppDelegate.swift */,
				2FB4CFD927C9F57700CD0E12 /* SceneDelegate.swift */,
				2FB4CFDB27C9F57700CD0E12 /* ViewController.swift */,
				2FB4CFDD27C9F57700CD0E12 /* Main.storyboard */,
				2FB4D00A27C9FA2F00CD0E12 /* MovieCell.swift */,
				2FB4CFE027C9F57A00CD0E12 /* Assets.xcassets */,
				2FB4CFE227C9F57A00CD0E12 /* LaunchScreen.storyboard */,
				2FB4CFE527C9F57A00CD0E12 /* Info.plist */,
			);
			path = Flix;
			sourceTree = "<group>";
		};
		2FB4CFED27C9F57A00CD0E12 /* FlixTests */ = {
			isa = PBXGroup;
			children = (
				2FB4CFEE27C9F57A00CD0E12 /* FlixTests.swift */,
				2FB4CFF027C9F57A00CD0E12 /* Info.plist */,
			);
			path = FlixTests;
			sourceTree = "<group>";
		};
		2FB4CFF827C9F57A00CD0E12 /* FlixUITests */ = {
			isa = PBXGroup;
			children = (
				2FB4CFF927C9F57A00CD0E12 /* FlixUITests.swift */,
				2FB4CFFB27C9F57A00CD0E12 /* Info.plist */,
			);
			path = FlixUITests;
			sourceTree = "<group>";
		};
		B98F07CC1A43A29E51FF9B68 /* Frameworks */ = {
			isa = PBXGroup;
			children = (
				F47591B00FE191B98988C3CE /* Pods_Flix.framework */,
				EB0C10F9F45E5F67EA962690 /* Pods_Flix_FlixUITests.framework */,
				933A76BC9ABEDEE6B64759EA /* Pods_FlixTests.framework */,
			);
			name = Frameworks;
			sourceTree = "<group>";
		};
		BC872724C831C1B461CA915F /* Pods */ = {
			isa = PBXGroup;
			children = (
				5654612F2EADBA037125FD67 /* Pods-Flix.debug.xcconfig */,
				3496E6B69EEE754A9DA14890 /* Pods-Flix.release.xcconfig */,
				F636AB9363B801F2323D33F3 /* Pods-Flix-FlixUITests.debug.xcconfig */,
				F15048059511FB9FD6034EA0 /* Pods-Flix-FlixUITests.release.xcconfig */,
				2007EA6D763E6376D9CB77A2 /* Pods-FlixTests.debug.xcconfig */,
				DDB53FB7794D2B94A458DAB4 /* Pods-FlixTests.release.xcconfig */,
			);
			name = Pods;
			path = Pods;
			sourceTree = "<group>";
		};
/* End PBXGroup section */

/* Begin PBXNativeTarget section */
		2FB4CFD327C9F57700CD0E12 /* Flix */ = {
			isa = PBXNativeTarget;
			buildConfigurationList = 2FB4CFFE27C9F57A00CD0E12 /* Build configuration list for PBXNativeTarget "Flix" */;
			buildPhases = (
				DE7971C2730A31BBC1C7E892 /* [CP] Check Pods Manifest.lock */,
				2FB4CFD027C9F57700CD0E12 /* Sources */,
				2FB4CFD127C9F57700CD0E12 /* Frameworks */,
				2FB4CFD227C9F57700CD0E12 /* Resources */,
				38515C80BDCC77E45BADA21B /* [CP] Embed Pods Frameworks */,
			);
			buildRules = (
			);
			dependencies = (
			);
			name = Flix;
			packageProductDependencies = (
				2FB4D01027C9FCDC00CD0E12 /* AlamofireImage */,
			);
			productName = Flix;
			productReference = 2FB4CFD427C9F57700CD0E12 /* Flix.app */;
			productType = "com.apple.product-type.application";
		};
		2FB4CFE927C9F57A00CD0E12 /* FlixTests */ = {
			isa = PBXNativeTarget;
			buildConfigurationList = 2FB4D00127C9F57A00CD0E12 /* Build configuration list for PBXNativeTarget "FlixTests" */;
			buildPhases = (
				B07EDF8F5278DFAB918A6AD9 /* [CP] Check Pods Manifest.lock */,
				2FB4CFE627C9F57A00CD0E12 /* Sources */,
				2FB4CFE727C9F57A00CD0E12 /* Frameworks */,
				2FB4CFE827C9F57A00CD0E12 /* Resources */,
			);
			buildRules = (
			);
			dependencies = (
				2FB4CFEC27C9F57A00CD0E12 /* PBXTargetDependency */,
			);
			name = FlixTests;
			productName = FlixTests;
			productReference = 2FB4CFEA27C9F57A00CD0E12 /* FlixTests.xctest */;
			productType = "com.apple.product-type.bundle.unit-test";
		};
		2FB4CFF427C9F57A00CD0E12 /* FlixUITests */ = {
			isa = PBXNativeTarget;
			buildConfigurationList = 2FB4D00427C9F57A00CD0E12 /* Build configuration list for PBXNativeTarget "FlixUITests" */;
			buildPhases = (
				C2141FD342A2911951014ED8 /* [CP] Check Pods Manifest.lock */,
				2FB4CFF127C9F57A00CD0E12 /* Sources */,
				2FB4CFF227C9F57A00CD0E12 /* Frameworks */,
				2FB4CFF327C9F57A00CD0E12 /* Resources */,
				DC7DB80EA35CC970EC08B42C /* [CP] Embed Pods Frameworks */,
			);
			buildRules = (
			);
			dependencies = (
				2FB4CFF727C9F57A00CD0E12 /* PBXTargetDependency */,
			);
			name = FlixUITests;
			productName = FlixUITests;
			productReference = 2FB4CFF527C9F57A00CD0E12 /* FlixUITests.xctest */;
			productType = "com.apple.product-type.bundle.ui-testing";
		};
/* End PBXNativeTarget section */

/* Begin PBXProject section */
		2FB4CFCC27C9F57700CD0E12 /* Project object */ = {
			isa = PBXProject;
			attributes = {
				LastSwiftUpdateCheck = 1210;
				LastUpgradeCheck = 1210;
				TargetAttributes = {
					2FB4CFD327C9F57700CD0E12 = {
						CreatedOnToolsVersion = 12.1;
					};
					2FB4CFE927C9F57A00CD0E12 = {
						CreatedOnToolsVersion = 12.1;
						TestTargetID = 2FB4CFD327C9F57700CD0E12;
					};
					2FB4CFF427C9F57A00CD0E12 = {
						CreatedOnToolsVersion = 12.1;
						TestTargetID = 2FB4CFD327C9F57700CD0E12;
					};
				};
			};
			buildConfigurationList = 2FB4CFCF27C9F57700CD0E12 /* Build configuration list for PBXProject "Flix" */;
			compatibilityVersion = "Xcode 9.3";
			developmentRegion = en;
			hasScannedForEncodings = 0;
			knownRegions = (
				en,
				Base,
			);
			mainGroup = 2FB4CFCB27C9F57700CD0E12;
			packageReferences = (
				2FB4D00F27C9FCDC00CD0E12 /* XCRemoteSwiftPackageReference "AlamofireImage" */,
			);
			productRefGroup = 2FB4CFD527C9F57700CD0E12 /* Products */;
			projectDirPath = "";
			projectRoot = "";
			targets = (
				2FB4CFD327C9F57700CD0E12 /* Flix */,
				2FB4CFE927C9F57A00CD0E12 /* FlixTests */,
				2FB4CFF427C9F57A00CD0E12 /* FlixUITests */,
			);
		};
/* End PBXProject section */

/* Begin PBXResourcesBuildPhase section */
		2FB4CFD227C9F57700CD0E12 /* Resources */ = {
			isa = PBXResourcesBuildPhase;
			buildActionMask = 2147483647;
			files = (
				2FB4CFE427C9F57A00CD0E12 /* LaunchScreen.storyboard in Resources */,
				2FB4CFE127C9F57A00CD0E12 /* Assets.xcassets in Resources */,
				2FB4CFDF27C9F57700CD0E12 /* Main.storyboard in Resources */,
			);
			runOnlyForDeploymentPostprocessing = 0;
		};
		2FB4CFE827C9F57A00CD0E12 /* Resources */ = {
			isa = PBXResourcesBuildPhase;
			buildActionMask = 2147483647;
			files = (
			);
			runOnlyForDeploymentPostprocessing = 0;
		};
		2FB4CFF327C9F57A00CD0E12 /* Resources */ = {
			isa = PBXResourcesBuildPhase;
			buildActionMask = 2147483647;
			files = (
			);
			runOnlyForDeploymentPostprocessing = 0;
		};
/* End PBXResourcesBuildPhase section */

/* Begin PBXShellScriptBuildPhase section */
		38515C80BDCC77E45BADA21B /* [CP] Embed Pods Frameworks */ = {
			isa = PBXShellScriptBuildPhase;
			buildActionMask = 2147483647;
			files = (
			);
			inputFileListPaths = (
				"${PODS_ROOT}/Target Support Files/Pods-Flix/Pods-Flix-frameworks-${CONFIGURATION}-input-files.xcfilelist",
			);
			name = "[CP] Embed Pods Frameworks";
			outputFileListPaths = (
				"${PODS_ROOT}/Target Support Files/Pods-Flix/Pods-Flix-frameworks-${CONFIGURATION}-output-files.xcfilelist",
			);
			runOnlyForDeploymentPostprocessing = 0;
			shellPath = /bin/sh;
			shellScript = "\"${PODS_ROOT}/Target Support Files/Pods-Flix/Pods-Flix-frameworks.sh\"\n";
			showEnvVarsInLog = 0;
		};
		B07EDF8F5278DFAB918A6AD9 /* [CP] Check Pods Manifest.lock */ = {
			isa = PBXShellScriptBuildPhase;
			buildActionMask = 2147483647;
			files = (
			);
			inputFileListPaths = (
			);
			inputPaths = (
				"${PODS_PODFILE_DIR_PATH}/Podfile.lock",
				"${PODS_ROOT}/Manifest.lock",
			);
			name = "[CP] Check Pods Manifest.lock";
			outputFileListPaths = (
			);
			outputPaths = (
				"$(DERIVED_FILE_DIR)/Pods-FlixTests-checkManifestLockResult.txt",
			);
			runOnlyForDeploymentPostprocessing = 0;
			shellPath = /bin/sh;
			shellScript = "diff \"${PODS_PODFILE_DIR_PATH}/Podfile.lock\" \"${PODS_ROOT}/Manifest.lock\" > /dev/null\nif [ $? != 0 ] ; then\n    # print error to STDERR\n    echo \"error: The sandbox is not in sync with the Podfile.lock. Run 'pod install' or update your CocoaPods installation.\" >&2\n    exit 1\nfi\n# This output is used by Xcode 'outputs' to avoid re-running this script phase.\necho \"SUCCESS\" > \"${SCRIPT_OUTPUT_FILE_0}\"\n";
			showEnvVarsInLog = 0;
		};
		C2141FD342A2911951014ED8 /* [CP] Check Pods Manifest.lock */ = {
			isa = PBXShellScriptBuildPhase;
			buildActionMask = 2147483647;
			files = (
			);
			inputFileListPaths = (
			);
			inputPaths = (
				"${PODS_PODFILE_DIR_PATH}/Podfile.lock",
				"${PODS_ROOT}/Manifest.lock",
			);
			name = "[CP] Check Pods Manifest.lock";
			outputFileListPaths = (
			);
			outputPaths = (
				"$(DERIVED_FILE_DIR)/Pods-Flix-FlixUITests-checkManifestLockResult.txt",
			);
			runOnlyForDeploymentPostprocessing = 0;
			shellPath = /bin/sh;
			shellScript = "diff \"${PODS_PODFILE_DIR_PATH}/Podfile.lock\" \"${PODS_ROOT}/Manifest.lock\" > /dev/null\nif [ $? != 0 ] ; then\n    # print error to STDERR\n    echo \"error: The sandbox is not in sync with the Podfile.lock. Run 'pod install' or update your CocoaPods installation.\" >&2\n    exit 1\nfi\n# This output is used by Xcode 'outputs' to avoid re-running this script phase.\necho \"SUCCESS\" > \"${SCRIPT_OUTPUT_FILE_0}\"\n";
			showEnvVarsInLog = 0;
		};
		DC7DB80EA35CC970EC08B42C /* [CP] Embed Pods Frameworks */ = {
			isa = PBXShellScriptBuildPhase;
			buildActionMask = 2147483647;
			files = (
			);
			inputFileListPaths = (
				"${PODS_ROOT}/Target Support Files/Pods-Flix-FlixUITests/Pods-Flix-FlixUITests-frameworks-${CONFIGURATION}-input-files.xcfilelist",
			);
			name = "[CP] Embed Pods Frameworks";
			outputFileListPaths = (
				"${PODS_ROOT}/Target Support Files/Pods-Flix-FlixUITests/Pods-Flix-FlixUITests-frameworks-${CONFIGURATION}-output-files.xcfilelist",
			);
			runOnlyForDeploymentPostprocessing = 0;
			shellPath = /bin/sh;
			shellScript = "\"${PODS_ROOT}/Target Support Files/Pods-Flix-FlixUITests/Pods-Flix-FlixUITests-frameworks.sh\"\n";
			showEnvVarsInLog = 0;
		};
		DE7971C2730A31BBC1C7E892 /* [CP] Check Pods Manifest.lock */ = {
			isa = PBXShellScriptBuildPhase;
			buildActionMask = 2147483647;
			files = (
			);
			inputFileListPaths = (
			);
			inputPaths = (
				"${PODS_PODFILE_DIR_PATH}/Podfile.lock",
				"${PODS_ROOT}/Manifest.lock",
			);
			name = "[CP] Check Pods Manifest.lock";
			outputFileListPaths = (
			);
			outputPaths = (
				"$(DERIVED_FILE_DIR)/Pods-Flix-checkManifestLockResult.txt",
			);
			runOnlyForDeploymentPostprocessing = 0;
			shellPath = /bin/sh;
			shellScript = "diff \"${PODS_PODFILE_DIR_PATH}/Podfile.lock\" \"${PODS_ROOT}/Manifest.lock\" > /dev/null\nif [ $? != 0 ] ; then\n    # print error to STDERR\n    echo \"error: The sandbox is not in sync with the Podfile.lock. Run 'pod install' or update your CocoaPods installation.\" >&2\n    exit 1\nfi\n# This output is used by Xcode 'outputs' to avoid re-running this script phase.\necho \"SUCCESS\" > \"${SCRIPT_OUTPUT_FILE_0}\"\n";
			showEnvVarsInLog = 0;
		};
/* End PBXShellScriptBuildPhase section */

/* Begin PBXSourcesBuildPhase section */
		2FB4CFD027C9F57700CD0E12 /* Sources */ = {
			isa = PBXSourcesBuildPhase;
			buildActionMask = 2147483647;
			files = (
				2FB4CFDC27C9F57700CD0E12 /* ViewController.swift in Sources */,
				2FB4CFD827C9F57700CD0E12 /* AppDelegate.swift in Sources */,
				2FB4D00B27C9FA2F00CD0E12 /* MovieCell.swift in Sources */,
				2FB4CFDA27C9F57700CD0E12 /* SceneDelegate.swift in Sources */,
			);
			runOnlyForDeploymentPostprocessing = 0;
		};
		2FB4CFE627C9F57A00CD0E12 /* Sources */ = {
			isa = PBXSourcesBuildPhase;
			buildActionMask = 2147483647;
			files = (
				2FB4CFEF27C9F57A00CD0E12 /* FlixTests.swift in Sources */,
			);
			runOnlyForDeploymentPostprocessing = 0;
		};
		2FB4CFF127C9F57A00CD0E12 /* Sources */ = {
			isa = PBXSourcesBuildPhase;
			buildActionMask = 2147483647;
			files = (
				2FB4CFFA27C9F57A00CD0E12 /* FlixUITests.swift in Sources */,
			);
			runOnlyForDeploymentPostprocessing = 0;
		};
/* End PBXSourcesBuildPhase section */

/* Begin PBXTargetDependency section */
		2FB4CFEC27C9F57A00CD0E12 /* PBXTargetDependency */ = {
			isa = PBXTargetDependency;
			target = 2FB4CFD327C9F57700CD0E12 /* Flix */;
			targetProxy = 2FB4CFEB27C9F57A00CD0E12 /* PBXContainerItemProxy */;
		};
		2FB4CFF727C9F57A00CD0E12 /* PBXTargetDependency */ = {
			isa = PBXTargetDependency;
			target = 2FB4CFD327C9F57700CD0E12 /* Flix */;
			targetProxy = 2FB4CFF627C9F57A00CD0E12 /* PBXContainerItemProxy */;
		};
/* End PBXTargetDependency section */

/* Begin PBXVariantGroup section */
		2FB4CFDD27C9F57700CD0E12 /* Main.storyboard */ = {
			isa = PBXVariantGroup;
			children = (
				2FB4CFDE27C9F57700CD0E12 /* Base */,
			);
			name = Main.storyboard;
			sourceTree = "<group>";
		};
		2FB4CFE227C9F57A00CD0E12 /* LaunchScreen.storyboard */ = {
			isa = PBXVariantGroup;
			children = (
				2FB4CFE327C9F57A00CD0E12 /* Base */,
			);
			name = LaunchScreen.storyboard;
			sourceTree = "<group>";
		};
/* End PBXVariantGroup section */

/* Begin XCBuildConfiguration section */
		2FB4CFFC27C9F57A00CD0E12 /* Debug */ = {
			isa = XCBuildConfiguration;
			buildSettings = {
				ALWAYS_SEARCH_USER_PATHS = NO;
				CLANG_ANALYZER_NONNULL = YES;
				CLANG_ANALYZER_NUMBER_OBJECT_CONVERSION = YES_AGGRESSIVE;
				CLANG_CXX_LANGUAGE_STANDARD = "gnu++14";
				CLANG_CXX_LIBRARY = "libc++";
				CLANG_ENABLE_MODULES = YES;
				CLANG_ENABLE_OBJC_ARC = YES;
				CLANG_ENABLE_OBJC_WEAK = YES;
				CLANG_WARN_BLOCK_CAPTURE_AUTORELEASING = YES;
				CLANG_WARN_BOOL_CONVERSION = YES;
				CLANG_WARN_COMMA = YES;
				CLANG_WARN_CONSTANT_CONVERSION = YES;
				CLANG_WARN_DEPRECATED_OBJC_IMPLEMENTATIONS = YES;
				CLANG_WARN_DIRECT_OBJC_ISA_USAGE = YES_ERROR;
				CLANG_WARN_DOCUMENTATION_COMMENTS = YES;
				CLANG_WARN_EMPTY_BODY = YES;
				CLANG_WARN_ENUM_CONVERSION = YES;
				CLANG_WARN_INFINITE_RECURSION = YES;
				CLANG_WARN_INT_CONVERSION = YES;
				CLANG_WARN_NON_LITERAL_NULL_CONVERSION = YES;
				CLANG_WARN_OBJC_IMPLICIT_RETAIN_SELF = YES;
				CLANG_WARN_OBJC_LITERAL_CONVERSION = YES;
				CLANG_WARN_OBJC_ROOT_CLASS = YES_ERROR;
				CLANG_WARN_QUOTED_INCLUDE_IN_FRAMEWORK_HEADER = YES;
				CLANG_WARN_RANGE_LOOP_ANALYSIS = YES;
				CLANG_WARN_STRICT_PROTOTYPES = YES;
				CLANG_WARN_SUSPICIOUS_MOVE = YES;
				CLANG_WARN_UNGUARDED_AVAILABILITY = YES_AGGRESSIVE;
				CLANG_WARN_UNREACHABLE_CODE = YES;
				CLANG_WARN__DUPLICATE_METHOD_MATCH = YES;
				COPY_PHASE_STRIP = NO;
				DEBUG_INFORMATION_FORMAT = dwarf;
				ENABLE_STRICT_OBJC_MSGSEND = YES;
				ENABLE_TESTABILITY = YES;
				GCC_C_LANGUAGE_STANDARD = gnu11;
				GCC_DYNAMIC_NO_PIC = NO;
				GCC_NO_COMMON_BLOCKS = YES;
				GCC_OPTIMIZATION_LEVEL = 0;
				GCC_PREPROCESSOR_DEFINITIONS = (
					"DEBUG=1",
					"$(inherited)",
				);
				GCC_WARN_64_TO_32_BIT_CONVERSION = YES;
				GCC_WARN_ABOUT_RETURN_TYPE = YES_ERROR;
				GCC_WARN_UNDECLARED_SELECTOR = YES;
				GCC_WARN_UNINITIALIZED_AUTOS = YES_AGGRESSIVE;
				GCC_WARN_UNUSED_FUNCTION = YES;
				GCC_WARN_UNUSED_VARIABLE = YES;
				IPHONEOS_DEPLOYMENT_TARGET = 14.1;
				MTL_ENABLE_DEBUG_INFO = INCLUDE_SOURCE;
				MTL_FAST_MATH = YES;
				ONLY_ACTIVE_ARCH = YES;
				SDKROOT = iphoneos;
				SWIFT_ACTIVE_COMPILATION_CONDITIONS = DEBUG;
				SWIFT_OPTIMIZATION_LEVEL = "-Onone";
			};
			name = Debug;
		};
		2FB4CFFD27C9F57A00CD0E12 /* Release */ = {
			isa = XCBuildConfiguration;
			buildSettings = {
				ALWAYS_SEARCH_USER_PATHS = NO;
				CLANG_ANALYZER_NONNULL = YES;
				CLANG_ANALYZER_NUMBER_OBJECT_CONVERSION = YES_AGGRESSIVE;
				CLANG_CXX_LANGUAGE_STANDARD = "gnu++14";
				CLANG_CXX_LIBRARY = "libc++";
				CLANG_ENABLE_MODULES = YES;
				CLANG_ENABLE_OBJC_ARC = YES;
				CLANG_ENABLE_OBJC_WEAK = YES;
				CLANG_WARN_BLOCK_CAPTURE_AUTORELEASING = YES;
				CLANG_WARN_BOOL_CONVERSION = YES;
				CLANG_WARN_COMMA = YES;
				CLANG_WARN_CONSTANT_CONVERSION = YES;
				CLANG_WARN_DEPRECATED_OBJC_IMPLEMENTATIONS = YES;
				CLANG_WARN_DIRECT_OBJC_ISA_USAGE = YES_ERROR;
				CLANG_WARN_DOCUMENTATION_COMMENTS = YES;
				CLANG_WARN_EMPTY_BODY = YES;
				CLANG_WARN_ENUM_CONVERSION = YES;
				CLANG_WARN_INFINITE_RECURSION = YES;
				CLANG_WARN_INT_CONVERSION = YES;
				CLANG_WARN_NON_LITERAL_NULL_CONVERSION = YES;
				CLANG_WARN_OBJC_IMPLICIT_RETAIN_SELF = YES;
				CLANG_WARN_OBJC_LITERAL_CONVERSION = YES;
				CLANG_WARN_OBJC_ROOT_CLASS = YES_ERROR;
				CLANG_WARN_QUOTED_INCLUDE_IN_FRAMEWORK_HEADER = YES;
				CLANG_WARN_RANGE_LOOP_ANALYSIS = YES;
				CLANG_WARN_STRICT_PROTOTYPES = YES;
				CLANG_WARN_SUSPICIOUS_MOVE = YES;
				CLANG_WARN_UNGUARDED_AVAILABILITY = YES_AGGRESSIVE;
				CLANG_WARN_UNREACHABLE_CODE = YES;
				CLANG_WARN__DUPLICATE_METHOD_MATCH = YES;
				COPY_PHASE_STRIP = NO;
				DEBUG_INFORMATION_FORMAT = "dwarf-with-dsym";
				ENABLE_NS_ASSERTIONS = NO;
				ENABLE_STRICT_OBJC_MSGSEND = YES;
				GCC_C_LANGUAGE_STANDARD = gnu11;
				GCC_NO_COMMON_BLOCKS = YES;
				GCC_WARN_64_TO_32_BIT_CONVERSION = YES;
				GCC_WARN_ABOUT_RETURN_TYPE = YES_ERROR;
				GCC_WARN_UNDECLARED_SELECTOR = YES;
				GCC_WARN_UNINITIALIZED_AUTOS = YES_AGGRESSIVE;
				GCC_WARN_UNUSED_FUNCTION = YES;
				GCC_WARN_UNUSED_VARIABLE = YES;
				IPHONEOS_DEPLOYMENT_TARGET = 14.1;
				MTL_ENABLE_DEBUG_INFO = NO;
				MTL_FAST_MATH = YES;
				SDKROOT = iphoneos;
				SWIFT_COMPILATION_MODE = wholemodule;
				SWIFT_OPTIMIZATION_LEVEL = "-O";
				VALIDATE_PRODUCT = YES;
			};
			name = Release;
		};
		2FB4CFFF27C9F57A00CD0E12 /* Debug */ = {
			isa = XCBuildConfiguration;
			baseConfigurationReference = 5654612F2EADBA037125FD67 /* Pods-Flix.debug.xcconfig */;
			buildSettings = {
				ASSETCATALOG_COMPILER_APPICON_NAME = AppIcon;
				ASSETCATALOG_COMPILER_GLOBAL_ACCENT_COLOR_NAME = AccentColor;
				CODE_SIGN_STYLE = Automatic;
				DEVELOPMENT_TEAM = 9CD5NGUD44;
				INFOPLIST_FILE = Flix/Info.plist;
				LD_RUNPATH_SEARCH_PATHS = (
					"$(inherited)",
					"@executable_path/Frameworks",
				);
				PRODUCT_BUNDLE_IDENTIFIER = memo.com.flix.Flix;
				PRODUCT_NAME = "$(TARGET_NAME)";
				SWIFT_VERSION = 5.0;
				TARGETED_DEVICE_FAMILY = "1,2";
			};
			name = Debug;
		};
		2FB4D00027C9F57A00CD0E12 /* Release */ = {
			isa = XCBuildConfiguration;
			baseConfigurationReference = 3496E6B69EEE754A9DA14890 /* Pods-Flix.release.xcconfig */;
			buildSettings = {
				ASSETCATALOG_COMPILER_APPICON_NAME = AppIcon;
				ASSETCATALOG_COMPILER_GLOBAL_ACCENT_COLOR_NAME = AccentColor;
				CODE_SIGN_STYLE = Automatic;
				DEVELOPMENT_TEAM = 9CD5NGUD44;
				INFOPLIST_FILE = Flix/Info.plist;
				LD_RUNPATH_SEARCH_PATHS = (
					"$(inherited)",
					"@executable_path/Frameworks",
				);
				PRODUCT_BUNDLE_IDENTIFIER = memo.com.flix.Flix;
				PRODUCT_NAME = "$(TARGET_NAME)";
				SWIFT_VERSION = 5.0;
				TARGETED_DEVICE_FAMILY = "1,2";
			};
			name = Release;
		};
		2FB4D00227C9F57A00CD0E12 /* Debug */ = {
			isa = XCBuildConfiguration;
			baseConfigurationReference = 2007EA6D763E6376D9CB77A2 /* Pods-FlixTests.debug.xcconfig */;
			buildSettings = {
				ALWAYS_EMBED_SWIFT_STANDARD_LIBRARIES = YES;
				BUNDLE_LOADER = "$(TEST_HOST)";
				CODE_SIGN_STYLE = Automatic;
				DEVELOPMENT_TEAM = 9CD5NGUD44;
				INFOPLIST_FILE = FlixTests/Info.plist;
				IPHONEOS_DEPLOYMENT_TARGET = 14.1;
				LD_RUNPATH_SEARCH_PATHS = (
					"$(inherited)",
					"@executable_path/Frameworks",
					"@loader_path/Frameworks",
				);
				PRODUCT_BUNDLE_IDENTIFIER = memo.com.flix.FlixTests;
				PRODUCT_NAME = "$(TARGET_NAME)";
				SWIFT_VERSION = 5.0;
				TARGETED_DEVICE_FAMILY = "1,2";
				TEST_HOST = "$(BUILT_PRODUCTS_DIR)/Flix.app/Flix";
			};
			name = Debug;
		};
		2FB4D00327C9F57A00CD0E12 /* Release */ = {
			isa = XCBuildConfiguration;
			baseConfigurationReference = DDB53FB7794D2B94A458DAB4 /* Pods-FlixTests.release.xcconfig */;
			buildSettings = {
				ALWAYS_EMBED_SWIFT_STANDARD_LIBRARIES = YES;
				BUNDLE_LOADER = "$(TEST_HOST)";
				CODE_SIGN_STYLE = Automatic;
				DEVELOPMENT_TEAM = 9CD5NGUD44;
				INFOPLIST_FILE = FlixTests/Info.plist;
				IPHONEOS_DEPLOYMENT_TARGET = 14.1;
				LD_RUNPATH_SEARCH_PATHS = (
					"$(inherited)",
					"@executable_path/Frameworks",
					"@loader_path/Frameworks",
				);
				PRODUCT_BUNDLE_IDENTIFIER = memo.com.flix.FlixTests;
				PRODUCT_NAME = "$(TARGET_NAME)";
				SWIFT_VERSION = 5.0;
				TARGETED_DEVICE_FAMILY = "1,2";
				TEST_HOST = "$(BUILT_PRODUCTS_DIR)/Flix.app/Flix";
			};
			name = Release;
		};
		2FB4D00527C9F57A00CD0E12 /* Debug */ = {
			isa = XCBuildConfiguration;
			baseConfigurationReference = F636AB9363B801F2323D33F3 /* Pods-Flix-FlixUITests.debug.xcconfig */;
			buildSettings = {
				ALWAYS_EMBED_SWIFT_STANDARD_LIBRARIES = YES;
				CODE_SIGN_STYLE = Automatic;
				DEVELOPMENT_TEAM = 9CD5NGUD44;
				INFOPLIST_FILE = FlixUITests/Info.plist;
				LD_RUNPATH_SEARCH_PATHS = (
					"$(inherited)",
					"@executable_path/Frameworks",
					"@loader_path/Frameworks",
				);
				PRODUCT_BUNDLE_IDENTIFIER = memo.com.flix.FlixUITests;
				PRODUCT_NAME = "$(TARGET_NAME)";
				SWIFT_VERSION = 5.0;
				TARGETED_DEVICE_FAMILY = "1,2";
				TEST_TARGET_NAME = Flix;
			};
			name = Debug;
		};
		2FB4D00627C9F57A00CD0E12 /* Release */ = {
			isa = XCBuildConfiguration;
			baseConfigurationReference = F15048059511FB9FD6034EA0 /* Pods-Flix-FlixUITests.release.xcconfig */;
			buildSettings = {
				ALWAYS_EMBED_SWIFT_STANDARD_LIBRARIES = YES;
				CODE_SIGN_STYLE = Automatic;
				DEVELOPMENT_TEAM = 9CD5NGUD44;
				INFOPLIST_FILE = FlixUITests/Info.plist;
				LD_RUNPATH_SEARCH_PATHS = (
					"$(inherited)",
					"@executable_path/Frameworks",
					"@loader_path/Frameworks",
				);
				PRODUCT_BUNDLE_IDENTIFIER = memo.com.flix.FlixUITests;
				PRODUCT_NAME = "$(TARGET_NAME)";
				SWIFT_VERSION = 5.0;
				TARGETED_DEVICE_FAMILY = "1,2";
				TEST_TARGET_NAME = Flix;
			};
			name = Release;
		};
/* End XCBuildConfiguration section */

/* Begin XCConfigurationList section */
		2FB4CFCF27C9F57700CD0E12 /* Build configuration list for PBXProject "Flix" */ = {
			isa = XCConfigurationList;
			buildConfigurations = (
				2FB4CFFC27C9F57A00CD0E12 /* Debug */,
				2FB4CFFD27C9F57A00CD0E12 /* Release */,
			);
			defaultConfigurationIsVisible = 0;
			defaultConfigurationName = Release;
		};
		2FB4CFFE27C9F57A00CD0E12 /* Build configuration list for PBXNativeTarget "Flix" */ = {
			isa = XCConfigurationList;
			buildConfigurations = (
				2FB4CFFF27C9F57A00CD0E12 /* Debug */,
				2FB4D00027C9F57A00CD0E12 /* Release */,
			);
			defaultConfigurationIsVisible = 0;
			defaultConfigurationName = Release;
		};
		2FB4D00127C9F57A00CD0E12 /* Build configuration list for PBXNativeTarget "FlixTests" */ = {
			isa = XCConfigurationList;
			buildConfigurations = (
				2FB4D00227C9F57A00CD0E12 /* Debug */,
				2FB4D00327C9F57A00CD0E12 /* Release */,
			);
			defaultConfigurationIsVisible = 0;
			defaultConfigurationName = Release;
		};
		2FB4D00427C9F57A00CD0E12 /* Build configuration list for PBXNativeTarget "FlixUITests" */ = {
			isa = XCConfigurationList;
			buildConfigurations = (
				2FB4D00527C9F57A00CD0E12 /* Debug */,
				2FB4D00627C9F57A00CD0E12 /* Release */,
			);
			defaultConfigurationIsVisible = 0;
			defaultConfigurationName = Release;
		};
/* End XCConfigurationList section */

/* Begin XCRemoteSwiftPackageReference section */
		2FB4D00F27C9FCDC00CD0E12 /* XCRemoteSwiftPackageReference "AlamofireImage" */ = {
			isa = XCRemoteSwiftPackageReference;
			repositoryURL = "https://github.com/Alamofire/AlamofireImage";
			requirement = {
				kind = upToNextMajorVersion;
				minimumVersion = 4.2.0;
			};
		};
/* End XCRemoteSwiftPackageReference section */

/* Begin XCSwiftPackageProductDependency section */
		2FB4D01027C9FCDC00CD0E12 /* AlamofireImage */ = {
			isa = XCSwiftPackageProductDependency;
			package = 2FB4D00F27C9FCDC00CD0E12 /* XCRemoteSwiftPackageReference "AlamofireImage" */;
			productName = AlamofireImage;
		};
/* End XCSwiftPackageProductDependency section */
	};
	rootObject = 2FB4CFCC27C9F57700CD0E12 /* Project object */;
}
